// !$*UTF8*$!
{
	archiveVersion = 1;
	classes = {
	};
	objectVersion = 77;
	objects = {

/* Begin PBXBuildFile section */
		9853D9392E67D52B00FDE0CB /* Assets.xcassets in Resources */ = {isa = PBXBuildFile; fileRef = 9853D8A82E667F0400FDE0CB /* Assets.xcassets */; };
		9853D93A2E67D54100FDE0CB /* Assets.xcassets in Resources */ = {isa = PBXBuildFile; fileRef = 9853D8A82E667F0400FDE0CB /* Assets.xcassets */; };
/* End PBXBuildFile section */

/* Begin PBXFileReference section */
		9853D8A82E667F0400FDE0CB /* Assets.xcassets */ = {isa = PBXFileReference; lastKnownFileType = folder.assetcatalog; path = Assets.xcassets; sourceTree = "<group>"; };
		9853D8FB2E66D28A00FDE0CB /* VineyardDiary iOS.app */ = {isa = PBXFileReference; explicitFileType = wrapper.application; includeInIndex = 0; path = "VineyardDiary iOS.app"; sourceTree = BUILT_PRODUCTS_DIR; };
		98B09D522E59B3F6007EF040 /* Vineyard Diary.app */ = {isa = PBXFileReference; explicitFileType = wrapper.application; includeInIndex = 0; path = "Vineyard Diary.app"; sourceTree = BUILT_PRODUCTS_DIR; };
/* End PBXFileReference section */

/* Begin PBXFileSystemSynchronizedBuildFileExceptionSet section */
		98163A9E2E6831C600D536F8 /* Exceptions for "Shared" folder in "Vineyard Diary" target */ = {
			isa = PBXFileSystemSynchronizedBuildFileExceptionSet;
			membershipExceptions = (
				Stores/ThumbnailPrefetcher.swift,
				Views/EntryEditorView_iOS.swift,
				Views/StatisticsView_iOS.swift,
			);
			target = 98B09D512E59B3F6007EF040 /* Vineyard Diary */;
		};
		9853D9152E66DC9900FDE0CB /* Exceptions for "Shared" folder in "VineyardDiary iOS" target */ = {
			isa = PBXFileSystemSynchronizedBuildFileExceptionSet;
			membershipExceptions = (
				Features/DMS.swift,
				Features/SharedFolderBookmark.swift,
				Features/SharedFolderPickerButton.swift,
				Features/WeatherBackfill.swift,
				Logic/EGDD.swift,
				Logic/GDD.swift,
				Logic/GDDTypes.swift,
				Models/AppSettings.swift,
				Models/BlockMaster.swift,
				Models/DiaryEntry.swift,
				Models/PhotosIndex.swift,
				Models/VineyardDiaryFile.swift,
				Models/VineyardSettingsFile.swift,
				Models/YearRange.swift,
				Stores/DailyWeatherStore.swift,
				Stores/DiaryStore.swift,
				Stores/ThumbnailPrefetcher.swift,
				Stores/ThumbnailStore.swift,
				Stores/WeatherService.swift,
				Views/BlockPickerView.swift,
				Views/ContentView.swift,
				Views/EntryEditorView_iOS.swift,
				Views/EntryRow.swift,
				Views/GDDPanel.swift,
				Views/SettingsRootView.swift,
				Views/StageSettingsView.swift,
				Views/StatisticsView_iOS.swift,
				Views/Utils.swift,
				Views/VarietySettingsView.swift,
				Views/YearBlockFilterState.swift,
				Views/YearPickerView.swift,
			);
			target = 9853D8FA2E66D28A00FDE0CB /* VineyardDiary iOS */;
		};
		9853D9322E66F00200FDE0CB /* Exceptions for "iOS" folder in "Vineyard Diary" target */ = {
			isa = PBXFileSystemSynchronizedBuildFileExceptionSet;
			membershipExceptions = (
				App/InteractionProbeView.swift,
				App/VineyardDiaryiOSApp.swift,
				Features/SharedImporter.swift,
			);
			target = 98B09D512E59B3F6007EF040 /* Vineyard Diary */;
		};
		9853D9342E66F00700FDE0CB /* Exceptions for "iOS" folder in "VineyardDiary iOS" target */ = {
			isa = PBXFileSystemSynchronizedBuildFileExceptionSet;
			membershipExceptions = (
				App/InteractionProbeView.swift,
				App/VineyardDiaryiOSApp.swift,
				Features/SharedImporter.swift,
			);
			target = 9853D8FA2E66D28A00FDE0CB /* VineyardDiary iOS */;
		};
/* End PBXFileSystemSynchronizedBuildFileExceptionSet section */

/* Begin PBXFileSystemSynchronizedRootGroup section */
		9853D8FC2E66D28A00FDE0CB /* VineyardDiary iOS */ = {
			isa = PBXFileSystemSynchronizedRootGroup;
			path = "VineyardDiary iOS";
			sourceTree = "<group>";
		};
		9853D9072E66DB7000FDE0CB /* Shared */ = {
			isa = PBXFileSystemSynchronizedRootGroup;
			exceptions = (
				98163A9E2E6831C600D536F8 /* Exceptions for "Shared" folder in "Vineyard Diary" target */,
				9853D9152E66DC9900FDE0CB /* Exceptions for "Shared" folder in "VineyardDiary iOS" target */,
			);
			path = Shared;
			sourceTree = "<group>";
		};
		9853D90F2E66DC0800FDE0CB /* iOS */ = {
			isa = PBXFileSystemSynchronizedRootGroup;
			exceptions = (
				9853D9322E66F00200FDE0CB /* Exceptions for "iOS" folder in "Vineyard Diary" target */,
				9853D9342E66F00700FDE0CB /* Exceptions for "iOS" folder in "VineyardDiary iOS" target */,
			);
			path = iOS;
			sourceTree = "<group>";
		};
		9853D9122E66DC3300FDE0CB /* macOS */ = {
			isa = PBXFileSystemSynchronizedRootGroup;
			path = macOS;
			sourceTree = "<group>";
		};
		98B09D542E59B3F6007EF040 /* Vineyard Diary */ = {
			isa = PBXFileSystemSynchronizedRootGroup;
			path = "Vineyard Diary";
			sourceTree = "<group>";
		};
/* End PBXFileSystemSynchronizedRootGroup section */

/* Begin PBXFrameworksBuildPhase section */
		9853D8F82E66D28A00FDE0CB /* Frameworks */ = {
			isa = PBXFrameworksBuildPhase;
			buildActionMask = 2147483647;
			files = (
			);
			runOnlyForDeploymentPostprocessing = 0;
		};
		98B09D4F2E59B3F6007EF040 /* Frameworks */ = {
			isa = PBXFrameworksBuildPhase;
			buildActionMask = 2147483647;
			files = (
			);
			runOnlyForDeploymentPostprocessing = 0;
		};
/* End PBXFrameworksBuildPhase section */

/* Begin PBXGroup section */
		98B09D492E59B3F6007EF040 = {
			isa = PBXGroup;
			children = (
				9853D8A82E667F0400FDE0CB /* Assets.xcassets */,
				9853D9122E66DC3300FDE0CB /* macOS */,
				9853D90F2E66DC0800FDE0CB /* iOS */,
				9853D9072E66DB7000FDE0CB /* Shared */,
				98B09D542E59B3F6007EF040 /* Vineyard Diary */,
				9853D8FC2E66D28A00FDE0CB /* VineyardDiary iOS */,
				98B09D532E59B3F6007EF040 /* Products */,
			);
			sourceTree = "<group>";
			usesTabs = 0;
		};
		98B09D532E59B3F6007EF040 /* Products */ = {
			isa = PBXGroup;
			children = (
				98B09D522E59B3F6007EF040 /* Vineyard Diary.app */,
				9853D8FB2E66D28A00FDE0CB /* VineyardDiary iOS.app */,
			);
			name = Products;
			sourceTree = "<group>";
		};
/* End PBXGroup section */

/* Begin PBXNativeTarget section */
		9853D8FA2E66D28A00FDE0CB /* VineyardDiary iOS */ = {
			isa = PBXNativeTarget;
			buildConfigurationList = 9853D9032E66D28D00FDE0CB /* Build configuration list for PBXNativeTarget "VineyardDiary iOS" */;
			buildPhases = (
				9853D8F72E66D28A00FDE0CB /* Sources */,
				9853D8F82E66D28A00FDE0CB /* Frameworks */,
				9853D8F92E66D28A00FDE0CB /* Resources */,
			);
			buildRules = (
			);
			dependencies = (
			);
			fileSystemSynchronizedGroups = (
				9853D8FC2E66D28A00FDE0CB /* VineyardDiary iOS */,
			);
			name = "VineyardDiary iOS";
			packageProductDependencies = (
			);
			productName = "VineyardDiary iOS";
			productReference = 9853D8FB2E66D28A00FDE0CB /* VineyardDiary iOS.app */;
			productType = "com.apple.product-type.application";
		};
		98B09D512E59B3F6007EF040 /* Vineyard Diary */ = {
			isa = PBXNativeTarget;
			buildConfigurationList = 98B09D5E2E59B3F8007EF040 /* Build configuration list for PBXNativeTarget "Vineyard Diary" */;
			buildPhases = (
				98B09D4E2E59B3F6007EF040 /* Sources */,
				98B09D4F2E59B3F6007EF040 /* Frameworks */,
				98B09D502E59B3F6007EF040 /* Resources */,
			);
			buildRules = (
			);
			dependencies = (
			);
			fileSystemSynchronizedGroups = (
				9853D9072E66DB7000FDE0CB /* Shared */,
				9853D90F2E66DC0800FDE0CB /* iOS */,
				9853D9122E66DC3300FDE0CB /* macOS */,
				98B09D542E59B3F6007EF040 /* Vineyard Diary */,
			);
			name = "Vineyard Diary";
			packageProductDependencies = (
			);
			productName = "Vineyard Diary";
			productReference = 98B09D522E59B3F6007EF040 /* Vineyard Diary.app */;
			productType = "com.apple.product-type.application";
		};
/* End PBXNativeTarget section */

/* Begin PBXProject section */
		98B09D4A2E59B3F6007EF040 /* Project object */ = {
			isa = PBXProject;
			attributes = {
				BuildIndependentTargetsInParallel = 1;
				LastSwiftUpdateCheck = 1640;
				LastUpgradeCheck = 1640;
				TargetAttributes = {
					9853D8FA2E66D28A00FDE0CB = {
						CreatedOnToolsVersion = 16.4;
					};
					98B09D512E59B3F6007EF040 = {
						CreatedOnToolsVersion = 16.4;
						LastSwiftMigration = 1640;
					};
				};
			};
			buildConfigurationList = 98B09D4D2E59B3F6007EF040 /* Build configuration list for PBXProject "Vineyard Diary" */;
			developmentRegion = en;
			hasScannedForEncodings = 0;
			knownRegions = (
				en,
				Base,
			);
			mainGroup = 98B09D492E59B3F6007EF040;
			minimizedProjectReferenceProxies = 1;
			preferredProjectObjectVersion = 77;
			productRefGroup = 98B09D532E59B3F6007EF040 /* Products */;
			projectDirPath = "";
			projectRoot = "";
			targets = (
				98B09D512E59B3F6007EF040 /* Vineyard Diary */,
				9853D8FA2E66D28A00FDE0CB /* VineyardDiary iOS */,
			);
		};
/* End PBXProject section */

/* Begin PBXResourcesBuildPhase section */
		9853D8F92E66D28A00FDE0CB /* Resources */ = {
			isa = PBXResourcesBuildPhase;
			buildActionMask = 2147483647;
			files = (
				9853D9392E67D52B00FDE0CB /* Assets.xcassets in Resources */,
			);
			runOnlyForDeploymentPostprocessing = 0;
		};
		98B09D502E59B3F6007EF040 /* Resources */ = {
			isa = PBXResourcesBuildPhase;
			buildActionMask = 2147483647;
			files = (
				9853D93A2E67D54100FDE0CB /* Assets.xcassets in Resources */,
			);
			runOnlyForDeploymentPostprocessing = 0;
		};
/* End PBXResourcesBuildPhase section */

/* Begin PBXSourcesBuildPhase section */
		9853D8F72E66D28A00FDE0CB /* Sources */ = {
			isa = PBXSourcesBuildPhase;
			buildActionMask = 2147483647;
			files = (
			);
			runOnlyForDeploymentPostprocessing = 0;
		};
		98B09D4E2E59B3F6007EF040 /* Sources */ = {
			isa = PBXSourcesBuildPhase;
			buildActionMask = 2147483647;
			files = (
			);
			runOnlyForDeploymentPostprocessing = 0;
		};
/* End PBXSourcesBuildPhase section */

/* Begin XCBuildConfiguration section */
		9853D9042E66D28D00FDE0CB /* Debug */ = {
			isa = XCBuildConfiguration;
			buildSettings = {
				ASSETCATALOG_COMPILER_APPICON_NAME = "AppIcon-iOS";
				ASSETCATALOG_COMPILER_GLOBAL_ACCENT_COLOR_NAME = AccentColor;
				CODE_SIGN_ENTITLEMENTS = "VineyardDiary iOS/VineyardDiary iOS.entitlements";
				CODE_SIGN_IDENTITY = "Apple Development";
				CODE_SIGN_STYLE = Automatic;
				CURRENT_PROJECT_VERSION = 202509062015;
				DEVELOPMENT_TEAM = 9UCT2C937A;
				ENABLE_PREVIEWS = YES;
				GENERATE_INFOPLIST_FILE = YES;
				INFOPLIST_KEY_UIApplicationSceneManifest_Generation = YES;
				INFOPLIST_KEY_UIApplicationSupportsIndirectInputEvents = YES;
				INFOPLIST_KEY_UILaunchScreen_Generation = YES;
				INFOPLIST_KEY_UISupportedInterfaceOrientations_iPad = "UIInterfaceOrientationPortrait UIInterfaceOrientationPortraitUpsideDown UIInterfaceOrientationLandscapeLeft UIInterfaceOrientationLandscapeRight";
				INFOPLIST_KEY_UISupportedInterfaceOrientations_iPhone = "UIInterfaceOrientationPortrait UIInterfaceOrientationLandscapeLeft UIInterfaceOrientationLandscapeRight";
				IPHONEOS_DEPLOYMENT_TARGET = 18.5;
				LD_RUNPATH_SEARCH_PATHS = (
					"$(inherited)",
					"@executable_path/Frameworks",
				);
				MARKETING_VERSION = 1.1;
				PRODUCT_BUNDLE_IDENTIFIER = "com.collduno.VineyardDiary-iOS";
				PRODUCT_NAME = "$(TARGET_NAME)";
				PROVISIONING_PROFILE_SPECIFIER = "";
				SDKROOT = iphoneos;
				SUPPORTED_PLATFORMS = "iphoneos iphonesimulator";
				SUPPORTS_MACCATALYST = NO;
				SUPPORTS_MAC_DESIGNED_FOR_IPHONE_IPAD = NO;
				SUPPORTS_XR_DESIGNED_FOR_IPHONE_IPAD = NO;
				SWIFT_EMIT_LOC_STRINGS = YES;
				SWIFT_VERSION = 5.0;
				TARGETED_DEVICE_FAMILY = "1,2";
			};
			name = Debug;
		};
		9853D9052E66D28D00FDE0CB /* Release */ = {
			isa = XCBuildConfiguration;
			buildSettings = {
				ASSETCATALOG_COMPILER_APPICON_NAME = "AppIcon-iOS";
				ASSETCATALOG_COMPILER_GLOBAL_ACCENT_COLOR_NAME = AccentColor;
				CODE_SIGN_ENTITLEMENTS = "VineyardDiary iOS/VineyardDiary iOS.entitlements";
				CODE_SIGN_IDENTITY = "Apple Development";
				CODE_SIGN_STYLE = Automatic;
				CURRENT_PROJECT_VERSION = 202509062015;
				DEVELOPMENT_TEAM = 9UCT2C937A;
				ENABLE_PREVIEWS = YES;
				GENERATE_INFOPLIST_FILE = YES;
				INFOPLIST_KEY_UIApplicationSceneManifest_Generation = YES;
				INFOPLIST_KEY_UIApplicationSupportsIndirectInputEvents = YES;
				INFOPLIST_KEY_UILaunchScreen_Generation = YES;
				INFOPLIST_KEY_UISupportedInterfaceOrientations_iPad = "UIInterfaceOrientationPortrait UIInterfaceOrientationPortraitUpsideDown UIInterfaceOrientationLandscapeLeft UIInterfaceOrientationLandscapeRight";
				INFOPLIST_KEY_UISupportedInterfaceOrientations_iPhone = "UIInterfaceOrientationPortrait UIInterfaceOrientationLandscapeLeft UIInterfaceOrientationLandscapeRight";
				IPHONEOS_DEPLOYMENT_TARGET = 18.5;
				LD_RUNPATH_SEARCH_PATHS = (
					"$(inherited)",
					"@executable_path/Frameworks",
				);
				MARKETING_VERSION = 1.1;
				PRODUCT_BUNDLE_IDENTIFIER = "com.collduno.VineyardDiary-iOS";
				PRODUCT_NAME = "$(TARGET_NAME)";
				PROVISIONING_PROFILE_SPECIFIER = "";
				SDKROOT = iphoneos;
				SUPPORTED_PLATFORMS = "iphoneos iphonesimulator";
				SUPPORTS_MACCATALYST = NO;
				SUPPORTS_MAC_DESIGNED_FOR_IPHONE_IPAD = NO;
				SUPPORTS_XR_DESIGNED_FOR_IPHONE_IPAD = NO;
				SWIFT_EMIT_LOC_STRINGS = YES;
				SWIFT_VERSION = 5.0;
				TARGETED_DEVICE_FAMILY = "1,2";
				VALIDATE_PRODUCT = YES;
			};
			name = Release;
		};
		98B09D5C2E59B3F8007EF040 /* Debug */ = {
			isa = XCBuildConfiguration;
			buildSettings = {
				ALWAYS_SEARCH_USER_PATHS = NO;
				ASSETCATALOG_COMPILER_GENERATE_SWIFT_ASSET_SYMBOL_EXTENSIONS = YES;
				CLANG_ANALYZER_NONNULL = YES;
				CLANG_ANALYZER_NUMBER_OBJECT_CONVERSION = YES_AGGRESSIVE;
				CLANG_CXX_LANGUAGE_STANDARD = "gnu++20";
				CLANG_ENABLE_MODULES = YES;
				CLANG_ENABLE_OBJC_ARC = YES;
				CLANG_ENABLE_OBJC_WEAK = YES;
				CLANG_WARN_BLOCK_CAPTURE_AUTORELEASING = YES;
				CLANG_WARN_BOOL_CONVERSION = YES;
				CLANG_WARN_COMMA = YES;
				CLANG_WARN_CONSTANT_CONVERSION = YES;
				CLANG_WARN_DEPRECATED_OBJC_IMPLEMENTATIONS = YES;
				CLANG_WARN_DIRECT_OBJC_ISA_USAGE = YES_ERROR;
				CLANG_WARN_DOCUMENTATION_COMMENTS = YES;
				CLANG_WARN_EMPTY_BODY = YES;
				CLANG_WARN_ENUM_CONVERSION = YES;
				CLANG_WARN_INFINITE_RECURSION = YES;
				CLANG_WARN_INT_CONVERSION = YES;
				CLANG_WARN_NON_LITERAL_NULL_CONVERSION = YES;
				CLANG_WARN_OBJC_IMPLICIT_RETAIN_SELF = YES;
				CLANG_WARN_OBJC_LITERAL_CONVERSION = YES;
				CLANG_WARN_OBJC_ROOT_CLASS = YES_ERROR;
				CLANG_WARN_QUOTED_INCLUDE_IN_FRAMEWORK_HEADER = YES;
				CLANG_WARN_RANGE_LOOP_ANALYSIS = YES;
				CLANG_WARN_STRICT_PROTOTYPES = YES;
				CLANG_WARN_SUSPICIOUS_MOVE = YES;
				CLANG_WARN_UNGUARDED_AVAILABILITY = YES_AGGRESSIVE;
				CLANG_WARN_UNREACHABLE_CODE = YES;
				CLANG_WARN__DUPLICATE_METHOD_MATCH = YES;
				COPY_PHASE_STRIP = NO;
				DEBUG_INFORMATION_FORMAT = dwarf;
				ENABLE_STRICT_OBJC_MSGSEND = YES;
				ENABLE_TESTABILITY = YES;
				ENABLE_USER_SCRIPT_SANDBOXING = YES;
				GCC_C_LANGUAGE_STANDARD = gnu17;
				GCC_DYNAMIC_NO_PIC = NO;
				GCC_NO_COMMON_BLOCKS = YES;
				GCC_OPTIMIZATION_LEVEL = 0;
				GCC_PREPROCESSOR_DEFINITIONS = (
					"DEBUG=1",
					"$(inherited)",
				);
				GCC_WARN_64_TO_32_BIT_CONVERSION = YES;
				GCC_WARN_ABOUT_RETURN_TYPE = YES_ERROR;
				GCC_WARN_UNDECLARED_SELECTOR = YES;
				GCC_WARN_UNINITIALIZED_AUTOS = YES_AGGRESSIVE;
				GCC_WARN_UNUSED_FUNCTION = YES;
				GCC_WARN_UNUSED_VARIABLE = YES;
				LOCALIZATION_PREFERS_STRING_CATALOGS = YES;
				MACOSX_DEPLOYMENT_TARGET = 15.5;
				MTL_ENABLE_DEBUG_INFO = INCLUDE_SOURCE;
				MTL_FAST_MATH = YES;
				ONLY_ACTIVE_ARCH = YES;
				SDKROOT = macosx;
				SWIFT_ACTIVE_COMPILATION_CONDITIONS = "DEBUG $(inherited)";
				SWIFT_OPTIMIZATION_LEVEL = "-Onone";
			};
			name = Debug;
		};
		98B09D5D2E59B3F8007EF040 /* Release */ = {
			isa = XCBuildConfiguration;
			buildSettings = {
				ALWAYS_SEARCH_USER_PATHS = NO;
				ASSETCATALOG_COMPILER_GENERATE_SWIFT_ASSET_SYMBOL_EXTENSIONS = YES;
				CLANG_ANALYZER_NONNULL = YES;
				CLANG_ANALYZER_NUMBER_OBJECT_CONVERSION = YES_AGGRESSIVE;
				CLANG_CXX_LANGUAGE_STANDARD = "gnu++20";
				CLANG_ENABLE_MODULES = YES;
				CLANG_ENABLE_OBJC_ARC = YES;
				CLANG_ENABLE_OBJC_WEAK = YES;
				CLANG_WARN_BLOCK_CAPTURE_AUTORELEASING = YES;
				CLANG_WARN_BOOL_CONVERSION = YES;
				CLANG_WARN_COMMA = YES;
				CLANG_WARN_CONSTANT_CONVERSION = YES;
				CLANG_WARN_DEPRECATED_OBJC_IMPLEMENTATIONS = YES;
				CLANG_WARN_DIRECT_OBJC_ISA_USAGE = YES_ERROR;
				CLANG_WARN_DOCUMENTATION_COMMENTS = YES;
				CLANG_WARN_EMPTY_BODY = YES;
				CLANG_WARN_ENUM_CONVERSION = YES;
				CLANG_WARN_INFINITE_RECURSION = YES;
				CLANG_WARN_INT_CONVERSION = YES;
				CLANG_WARN_NON_LITERAL_NULL_CONVERSION = YES;
				CLANG_WARN_OBJC_IMPLICIT_RETAIN_SELF = YES;
				CLANG_WARN_OBJC_LITERAL_CONVERSION = YES;
				CLANG_WARN_OBJC_ROOT_CLASS = YES_ERROR;
				CLANG_WARN_QUOTED_INCLUDE_IN_FRAMEWORK_HEADER = YES;
				CLANG_WARN_RANGE_LOOP_ANALYSIS = YES;
				CLANG_WARN_STRICT_PROTOTYPES = YES;
				CLANG_WARN_SUSPICIOUS_MOVE = YES;
				CLANG_WARN_UNGUARDED_AVAILABILITY = YES_AGGRESSIVE;
				CLANG_WARN_UNREACHABLE_CODE = YES;
				CLANG_WARN__DUPLICATE_METHOD_MATCH = YES;
				COPY_PHASE_STRIP = NO;
				DEBUG_INFORMATION_FORMAT = "dwarf-with-dsym";
				ENABLE_NS_ASSERTIONS = NO;
				ENABLE_STRICT_OBJC_MSGSEND = YES;
				ENABLE_USER_SCRIPT_SANDBOXING = YES;
				GCC_C_LANGUAGE_STANDARD = gnu17;
				GCC_NO_COMMON_BLOCKS = YES;
				GCC_WARN_64_TO_32_BIT_CONVERSION = YES;
				GCC_WARN_ABOUT_RETURN_TYPE = YES_ERROR;
				GCC_WARN_UNDECLARED_SELECTOR = YES;
				GCC_WARN_UNINITIALIZED_AUTOS = YES_AGGRESSIVE;
				GCC_WARN_UNUSED_FUNCTION = YES;
				GCC_WARN_UNUSED_VARIABLE = YES;
				LOCALIZATION_PREFERS_STRING_CATALOGS = YES;
				MACOSX_DEPLOYMENT_TARGET = 15.5;
				MTL_ENABLE_DEBUG_INFO = NO;
				MTL_FAST_MATH = YES;
				SDKROOT = macosx;
				SWIFT_COMPILATION_MODE = wholemodule;
			};
			name = Release;
		};
		98B09D5F2E59B3F8007EF040 /* Debug */ = {
			isa = XCBuildConfiguration;
			buildSettings = {
				ASSETCATALOG_COMPILER_APPICON_NAME = AppIcon;
				ASSETCATALOG_COMPILER_GLOBAL_ACCENT_COLOR_NAME = AccentColor;
				CLANG_ENABLE_MODULES = YES;
				CODE_SIGN_ENTITLEMENTS = VineyardDiary.entitlements;
				"CODE_SIGN_IDENTITY[sdk=macosx*]" = "-";
				CODE_SIGN_STYLE = Automatic;
				COMBINE_HIDPI_IMAGES = YES;
				CURRENT_PROJECT_VERSION = 202509062015;
				DEVELOPMENT_TEAM = 9UCT2C937A;
				ENABLE_PREVIEWS = YES;
				GENERATE_INFOPLIST_FILE = YES;
				INFOPLIST_FILE = "Vineyard-Diary-Info.plist";
				INFOPLIST_KEY_LSApplicationCategoryType = "public.app-category.utilities";
				INFOPLIST_KEY_NSHumanReadableCopyright = "COLL D'UNO Vineyard,Inc.";
				IPHONEOS_DEPLOYMENT_TARGET = 18.0;
				LD_RUNPATH_SEARCH_PATHS = (
					"$(inherited)",
					"@executable_path/../Frameworks",
				);
				MACOSX_DEPLOYMENT_TARGET = 14.6;
				MARKETING_VERSION = 1.2;
				PRODUCT_BUNDLE_IDENTIFIER = com.collduno.VineyardDiary;
				PRODUCT_NAME = "$(TARGET_NAME)";
				REGISTER_APP_GROUPS = YES;
				SUPPORTED_PLATFORMS = macosx;
				SUPPORTS_MACCATALYST = NO;
				SWIFT_EMIT_LOC_STRINGS = YES;
				SWIFT_OBJC_BRIDGING_HEADER = "";
				SWIFT_OPTIMIZATION_LEVEL = "-Onone";
				SWIFT_VERSION = 5.0;
			};
			name = Debug;
		};
		98B09D602E59B3F8007EF040 /* Release */ = {
			isa = XCBuildConfiguration;
			buildSettings = {
				ASSETCATALOG_COMPILER_APPICON_NAME = AppIcon;
				ASSETCATALOG_COMPILER_GLOBAL_ACCENT_COLOR_NAME = AccentColor;
				CLANG_ENABLE_MODULES = YES;
				CODE_SIGN_ENTITLEMENTS = VineyardDiary.entitlements;
				"CODE_SIGN_IDENTITY[sdk=macosx*]" = "-";
				CODE_SIGN_STYLE = Automatic;
				COMBINE_HIDPI_IMAGES = YES;
				CURRENT_PROJECT_VERSION = 202509062015;
				DEVELOPMENT_TEAM = 9UCT2C937A;
				ENABLE_PREVIEWS = YES;
				GENERATE_INFOPLIST_FILE = YES;
				INFOPLIST_FILE = "Vineyard-Diary-Info.plist";
				INFOPLIST_KEY_LSApplicationCategoryType = "public.app-category.utilities";
				INFOPLIST_KEY_NSHumanReadableCopyright = "COLL D'UNO Vineyard,Inc.";
				IPHONEOS_DEPLOYMENT_TARGET = 18.0;
				LD_RUNPATH_SEARCH_PATHS = (
					"$(inherited)",
					"@executable_path/../Frameworks",
				);
				MACOSX_DEPLOYMENT_TARGET = 14.6;
				MARKETING_VERSION = 1.2;
				PRODUCT_BUNDLE_IDENTIFIER = com.collduno.VineyardDiary;
				PRODUCT_NAME = "$(TARGET_NAME)";
				REGISTER_APP_GROUPS = YES;
				SUPPORTED_PLATFORMS = macosx;
				SUPPORTS_MACCATALYST = NO;
				SWIFT_EMIT_LOC_STRINGS = YES;
				SWIFT_OBJC_BRIDGING_HEADER = "";
				SWIFT_VERSION = 5.0;
			};
			name = Release;
		};
/* End XCBuildConfiguration section */

/* Begin XCConfigurationList section */
		9853D9032E66D28D00FDE0CB /* Build configuration list for PBXNativeTarget "VineyardDiary iOS" */ = {
			isa = XCConfigurationList;
			buildConfigurations = (
				9853D9042E66D28D00FDE0CB /* Debug */,
				9853D9052E66D28D00FDE0CB /* Release */,
			);
			defaultConfigurationIsVisible = 0;
			defaultConfigurationName = Release;
		};
		98B09D4D2E59B3F6007EF040 /* Build configuration list for PBXProject "Vineyard Diary" */ = {
			isa = XCConfigurationList;
			buildConfigurations = (
				98B09D5C2E59B3F8007EF040 /* Debug */,
				98B09D5D2E59B3F8007EF040 /* Release */,
			);
			defaultConfigurationIsVisible = 0;
			defaultConfigurationName = Release;
		};
		98B09D5E2E59B3F8007EF040 /* Build configuration list for PBXNativeTarget "Vineyard Diary" */ = {
			isa = XCConfigurationList;
			buildConfigurations = (
				98B09D5F2E59B3F8007EF040 /* Debug */,
				98B09D602E59B3F8007EF040 /* Release */,
			);
			defaultConfigurationIsVisible = 0;
			defaultConfigurationName = Release;
		};
/* End XCConfigurationList section */
	};
	rootObject = 98B09D4A2E59B3F6007EF040 /* Project object */;
}
